# THIS IS AN AUTOGENERATED FILE. DO NOT EDIT THIS FILE DIRECTLY.
# yarn lockfile v1


"@adraffy/ens-normalize@1.10.0":
  version "1.10.0"

"@adraffy/ens-normalize@1.10.1":
  version "1.10.1"
  resolved "https://registry.npmjs.org/@adraffy/ens-normalize/-/ens-normalize-1.10.1.tgz"
  integrity sha512-96Z2IP3mYmF1Xg2cDm8f1gWGf/HUVedQ3FMifV4kG/PQ4yEP51xDtRAEfhVNt5f/uzpNkZHwWQuUcu6D6K+Ekw==

"@esbuild/win32-x64@0.19.2":
  version "0.19.2"
  resolved "https://registry.npmjs.org/@esbuild/win32-x64/-/win32-x64-0.19.2.tgz"
  integrity sha512-tcuhV7ncXBqbt/Ybf0IyrMcwVOAPDckMK9rXNHtF17UTK18OKLpg08glminN06pt2WCoALhXdLfSPbVvK/6fxw==

"@noble/curves@^1.4.0", "@noble/curves@~1.4.0", "@noble/curves@1.4.0":
  version "1.4.0"
  dependencies:
    "@noble/hashes" "1.4.0"

"@noble/curves@1.2.0":
  version "1.2.0"
  resolved "https://registry.npmjs.org/@noble/curves/-/curves-1.2.0.tgz"
  integrity sha512-oYclrNgRaM9SsBUBVbb8M6DTV7ZHRTKugureoYEncY5c65HOmRzvSiTE3y5CYaPYJA/GVkrhXEoF0M3Ya9PMnw==
  dependencies:
    "@noble/hashes" "1.3.2"

"@noble/hashes@^1.4.0":
  version "1.4.0"

"@noble/hashes@~1.4.0":
  version "1.4.0"

"@noble/hashes@1.3.2":
  version "1.3.2"
  resolved "https://registry.npmjs.org/@noble/hashes/-/hashes-1.3.2.tgz"
  integrity sha512-MVC8EAQp7MvEcm30KWENFjgR+Mkmf+D189XJTkFIlwohU5hcBbn1ZkKq7KVTi2Hme3PMGF390DaL52beVrIihQ==

"@noble/hashes@1.4.0":
  version "1.4.0"

"@scure/base@~1.1.6":
  version "1.1.7"

"@scure/bip32@1.4.0":
  version "1.4.0"
  dependencies:
    "@noble/curves" "~1.4.0"
    "@noble/hashes" "~1.4.0"
    "@scure/base" "~1.1.6"

"@scure/bip39@1.3.0":
  version "1.3.0"
  dependencies:
    "@noble/hashes" "~1.4.0"
    "@scure/base" "~1.1.6"

"@sec-ant/readable-stream@^0.4.1":
  version "0.4.1"

"@sindresorhus/merge-streams@^4.0.0":
  version "4.0.0"

"@types/node@18.15.13":
  version "18.15.13"
  resolved "https://registry.npmjs.org/@types/node/-/node-18.15.13.tgz"
  integrity sha512-N+0kuo9KgrUQ1Sn/ifDXsvg0TTleP7rIy4zOBGECxAljqvqfqpTfzx0Q1NUedOixRMBfe2Whhb056a42cWs26Q==

abitype@1.0.5:
  version "1.0.5"

aes-js@4.0.0-beta.5:
  version "4.0.0-beta.5"
  resolved "https://registry.npmjs.org/aes-js/-/aes-js-4.0.0-beta.5.tgz"
  integrity sha512-G965FqalsNyrPqgEGON7nIx1e/OVENSgiEIzyC63haUMuvNnwIgIjMs52hlTCKhkBny7A2ORNlfY9Zu+jmGk1Q==

bytes@^3.1.2:
  version "3.1.2"

cartesi-fix@^1.0.5:
  version "1.0.5"
  resolved "https://registry.npmjs.org/cartesi-fix/-/cartesi-fix-1.0.5.tgz"
  integrity sha512-DgzFznO8XxVfr3ozaPatzzxNemgr1bvcskpi8oiL8k7gRNLHoUTpVHD+/Bv3vnVzuqz09I7ud6Jl6tHo35NhiQ==
  dependencies:
    bytes "^3.1.2"
    execa "^9.3.0"
    fs-extra "^11.2.0"
    semver "^7.6.3"
    tmp "^0.2.3"
    viem "^2.18.5"

cross-spawn@^7.0.3:
  version "7.0.3"
  dependencies:
    path-key "^3.1.0"
    shebang-command "^2.0.0"
    which "^2.0.1"

esbuild@^0.19.2:
  version "0.19.2"
  resolved "https://registry.npmjs.org/esbuild/-/esbuild-0.19.2.tgz"
  integrity sha512-G6hPax8UbFakEj3hWO0Vs52LQ8k3lnBhxZWomUJDxfz3rZTLqF5k/FCzuNdLx2RbpBiQQF9H9onlDDH1lZsnjg==
  optionalDependencies:
    "@esbuild/android-arm" "0.19.2"
    "@esbuild/android-arm64" "0.19.2"
    "@esbuild/android-x64" "0.19.2"
    "@esbuild/darwin-arm64" "0.19.2"
    "@esbuild/darwin-x64" "0.19.2"
    "@esbuild/freebsd-arm64" "0.19.2"
    "@esbuild/freebsd-x64" "0.19.2"
    "@esbuild/linux-arm" "0.19.2"
    "@esbuild/linux-arm64" "0.19.2"
    "@esbuild/linux-ia32" "0.19.2"
    "@esbuild/linux-loong64" "0.19.2"
    "@esbuild/linux-mips64el" "0.19.2"
    "@esbuild/linux-ppc64" "0.19.2"
    "@esbuild/linux-riscv64" "0.19.2"
    "@esbuild/linux-s390x" "0.19.2"
    "@esbuild/linux-x64" "0.19.2"
    "@esbuild/netbsd-x64" "0.19.2"
    "@esbuild/openbsd-x64" "0.19.2"
    "@esbuild/sunos-x64" "0.19.2"
    "@esbuild/win32-arm64" "0.19.2"
    "@esbuild/win32-ia32" "0.19.2"
    "@esbuild/win32-x64" "0.19.2"

ethers@^6.7.1:
  version "6.13.2"
  resolved "https://registry.npmjs.org/ethers/-/ethers-6.13.2.tgz"
  integrity sha512-9VkriTTed+/27BGuY1s0hf441kqwHJ1wtN2edksEtiRvXx+soxRX3iSXTfFqq2+YwrOqbDoTHjIhQnjJRlzKmg==
  dependencies:
    "@adraffy/ens-normalize" "1.10.1"
    "@noble/curves" "1.2.0"
    "@noble/hashes" "1.3.2"
    "@types/node" "18.15.13"
    aes-js "4.0.0-beta.5"
    tslib "2.4.0"
    ws "8.17.1"

execa@^9.3.0:
  version "9.3.0"
  dependencies:
    "@sindresorhus/merge-streams" "^4.0.0"
    cross-spawn "^7.0.3"
    figures "^6.1.0"
    get-stream "^9.0.0"
    human-signals "^7.0.0"
    is-plain-obj "^4.1.0"
    is-stream "^4.0.1"
    npm-run-path "^5.2.0"
    pretty-ms "^9.0.0"
    signal-exit "^4.1.0"
    strip-final-newline "^4.0.0"
    yoctocolors "^2.0.0"

figures@^6.1.0:
  version "6.1.0"
  dependencies:
    is-unicode-supported "^2.0.0"

fs-extra@^11.2.0:
  version "11.2.0"
  dependencies:
    graceful-fs "^4.2.0"
    jsonfile "^6.0.1"
    universalify "^2.0.0"

get-stream@^9.0.0:
  version "9.0.1"
  dependencies:
    "@sec-ant/readable-stream" "^0.4.1"
    is-stream "^4.0.1"

graceful-fs@^4.1.6, graceful-fs@^4.2.0:
  version "4.2.11"

human-signals@^7.0.0:
  version "7.0.0"

is-plain-obj@^4.1.0:
  version "4.1.0"

is-stream@^4.0.1:
  version "4.0.1"

is-unicode-supported@^2.0.0:
  version "2.0.0"

isexe@^2.0.0:
  version "2.0.0"

isows@1.0.4:
  version "1.0.4"

jsonfile@^6.0.1:
  version "6.1.0"
  dependencies:
    universalify "^2.0.0"
  optionalDependencies:
    graceful-fs "^4.1.6"

npm-run-path@^5.2.0:
  version "5.3.0"
  dependencies:
    path-key "^4.0.0"

parse-ms@^4.0.0:
  version "4.0.0"

path-key@^3.1.0:
  version "3.1.1"

path-key@^4.0.0:
  version "4.0.0"

pretty-ms@^9.0.0:
  version "9.1.0"
  dependencies:
    parse-ms "^4.0.0"

semver@^7.6.3:
  version "7.6.3"

shebang-command@^2.0.0:
  version "2.0.0"
  dependencies:
    shebang-regex "^3.0.0"

shebang-regex@^3.0.0:
  version "3.0.0"

signal-exit@^4.1.0:
  version "4.1.0"

strip-final-newline@^4.0.0:
  version "4.0.0"

tmp@^0.2.3:
  version "0.2.3"

tslib@2.4.0:
  version "2.4.0"
  resolved "https://registry.npmjs.org/tslib/-/tslib-2.4.0.tgz"
  integrity sha512-d6xOpEDfsi2CZVlPQzGeux8XMwLT9hssAsaPYExaQMuYskwb+x1x7J371tWlbBdWHroy99KnVB6qIkUbs5X3UQ==

universalify@^2.0.0:
  version "2.0.1"

viem@^2.18.5:
  version "2.18.5"
  dependencies:
    "@adraffy/ens-normalize" "1.10.0"
    "@noble/curves" "1.4.0"
    "@noble/hashes" "1.4.0"
    "@scure/bip32" "1.4.0"
    "@scure/bip39" "1.3.0"
    abitype "1.0.5"
    isows "1.0.4"
    webauthn-p256 "0.0.5"
    ws "8.17.1"

webauthn-p256@0.0.5:
  version "0.0.5"
  dependencies:
    "@noble/curves" "^1.4.0"
    "@noble/hashes" "^1.4.0"

which@^2.0.1:
  version "2.0.2"
  dependencies:
    isexe "^2.0.0"

ws@*, ws@8.17.1:
  version "8.17.1"
  resolved "https://registry.npmjs.org/ws/-/ws-8.17.1.tgz"
  integrity sha512-6XQFvXTkbfUOZOKKILFG1PDK2NDQs4azKQl26T0YS5CxqWLgXajbPZ+h4gZekJyRqFU8pvnbAbbs/3TgRPy+GQ==

yoctocolors@^2.0.0:
  version "2.1.1"
